
Microsoft Visual Studio Solution File, Format Version 12.00
# Visual Studio Version 16
VisualStudioVersion = 16.0.30204.135
MinimumVisualStudioVersion = 10.0.40219.1
Project("{8BC9CEB8-8B4A-11D0-8D11-00A0C91BC942}") = "0927LinearRegression_Custom", "C++MachineLearning\C++MachineLearning.vcxproj", "{D6B78B1E-77B7-47E5-AC28-1CFA2F6B26D7}"
EndProject
Project("{8BC9CEB8-8B4A-11D0-8D11-00A0C91BC942}") = "0927SimpleLinearRegression_Random", "Linear_GradientDescent\Linear_GradientDescent.vcxproj", "{415A5EE9-DF86-4F97-9EB5-D3602BE8F003}"
EndProject
Project("{8BC9CEB8-8B4A-11D0-8D11-00A0C91BC942}") = "1005Matrix", "1005Matrix\1005Matrix.vcxproj", "{2198BC54-8CD5-48AC-BD19-F34F5C8B59CE}"
EndProject
Project("{8BC9CEB8-8B4A-11D0-8D11-00A0C91BC942}") = "1006LinearRegression_Matrix", "1006LinearRegression_Matrix\1006LinearRegression_Matrix.vcxproj", "{24B18B25-5414-4575-9B3A-4176A3F220C2}"
EndProject
Project("{8BC9CEB8-8B4A-11D0-8D11-00A0C91BC942}") = "1009SimpleLinearRegression_Random", "1009SimpleLinearRegression_NonRandom\1009SimpleLinearRegression_NonRandom.vcxproj", "{B7F319B6-AD2B-47B4-8207-15C6A297EB2A}"
EndProject
Project("{8BC9CEB8-8B4A-11D0-8D11-00A0C91BC942}") = "1010MultipleRegression", "1010MultipleRegression\1010MultipleRegression.vcxproj", "{EB90A895-ADFE-4E6C-8270-59F70879408F}"
EndProject
Project("{8BC9CEB8-8B4A-11D0-8D11-00A0C91BC942}") = "1012SimpleRegression_RandomPartialDerivative", "1012SimpleRegression_RandomPartialDerivative\1012SimpleRegression_RandomPartialDerivative.vcxproj", "{B7E4186F-9B74-402F-9FDF-77C92180690C}"
EndProject
Project("{8BC9CEB8-8B4A-11D0-8D11-00A0C91BC942}") = "1013SimpleLinearRegression_PartialDerivative", "1014SimpleLinearRegression_PartialDerivative\1014SimpleLinearRegression_PartialDerivative.vcxproj", "{8054D91F-FE5C-415B-95A4-2BA49396AA1E}"
EndProject
Project("{8BC9CEB8-8B4A-11D0-8D11-00A0C91BC942}") = "1014MultipleRegression_PartialDerivative", "1014MultipleRegression_PartialDerivative\1014MultipleRegression_PartialDerivative.vcxproj", "{E8BBE841-10D9-430B-9821-58D8E649EEEE}"
EndProject
Global
	GlobalSection(SolutionConfigurationPlatforms) = preSolution
		Debug|x64 = Debug|x64
		Debug|x86 = Debug|x86
		Release|x64 = Release|x64
		Release|x86 = Release|x86
	EndGlobalSection
	GlobalSection(ProjectConfigurationPlatforms) = postSolution
		{D6B78B1E-77B7-47E5-AC28-1CFA2F6B26D7}.Debug|x64.ActiveCfg = Debug|x64
		{D6B78B1E-77B7-47E5-AC28-1CFA2F6B26D7}.Debug|x64.Build.0 = Debug|x64
		{D6B78B1E-77B7-47E5-AC28-1CFA2F6B26D7}.Debug|x86.ActiveCfg = Debug|Win32
		{D6B78B1E-77B7-47E5-AC28-1CFA2F6B26D7}.Debug|x86.Build.0 = Debug|Win32
		{D6B78B1E-77B7-47E5-AC28-1CFA2F6B26D7}.Release|x64.ActiveCfg = Release|x64
		{D6B78B1E-77B7-47E5-AC28-1CFA2F6B26D7}.Release|x64.Build.0 = Release|x64
		{D6B78B1E-77B7-47E5-AC28-1CFA2F6B26D7}.Release|x86.ActiveCfg = Release|Win32
		{D6B78B1E-77B7-47E5-AC28-1CFA2F6B26D7}.Release|x86.Build.0 = Release|Win32
		{415A5EE9-DF86-4F97-9EB5-D3602BE8F003}.Debug|x64.ActiveCfg = Debug|x64
		{415A5EE9-DF86-4F97-9EB5-D3602BE8F003}.Debug|x64.Build.0 = Debug|x64
		{415A5EE9-DF86-4F97-9EB5-D3602BE8F003}.Debug|x86.ActiveCfg = Debug|Win32
		{415A5EE9-DF86-4F97-9EB5-D3602BE8F003}.Debug|x86.Build.0 = Debug|Win32
		{415A5EE9-DF86-4F97-9EB5-D3602BE8F003}.Release|x64.ActiveCfg = Release|x64
		{415A5EE9-DF86-4F97-9EB5-D3602BE8F003}.Release|x64.Build.0 = Release|x64
		{415A5EE9-DF86-4F97-9EB5-D3602BE8F003}.Release|x86.ActiveCfg = Release|Win32
		{415A5EE9-DF86-4F97-9EB5-D3602BE8F003}.Release|x86.Build.0 = Release|Win32
		{2198BC54-8CD5-48AC-BD19-F34F5C8B59CE}.Debug|x64.ActiveCfg = Debug|x64
		{2198BC54-8CD5-48AC-BD19-F34F5C8B59CE}.Debug|x64.Build.0 = Debug|x64
		{2198BC54-8CD5-48AC-BD19-F34F5C8B59CE}.Debug|x86.ActiveCfg = Debug|Win32
		{2198BC54-8CD5-48AC-BD19-F34F5C8B59CE}.Debug|x86.Build.0 = Debug|Win32
		{2198BC54-8CD5-48AC-BD19-F34F5C8B59CE}.Release|x64.ActiveCfg = Release|x64
		{2198BC54-8CD5-48AC-BD19-F34F5C8B59CE}.Release|x64.Build.0 = Release|x64
		{2198BC54-8CD5-48AC-BD19-F34F5C8B59CE}.Release|x86.ActiveCfg = Release|Win32
		{2198BC54-8CD5-48AC-BD19-F34F5C8B59CE}.Release|x86.Build.0 = Release|Win32
		{24B18B25-5414-4575-9B3A-4176A3F220C2}.Debug|x64.ActiveCfg = Debug|x64
		{24B18B25-5414-4575-9B3A-4176A3F220C2}.Debug|x64.Build.0 = Debug|x64
		{24B18B25-5414-4575-9B3A-4176A3F220C2}.Debug|x86.ActiveCfg = Debug|Win32
		{24B18B25-5414-4575-9B3A-4176A3F220C2}.Debug|x86.Build.0 = Debug|Win32
		{24B18B25-5414-4575-9B3A-4176A3F220C2}.Release|x64.ActiveCfg = Release|x64
		{24B18B25-5414-4575-9B3A-4176A3F220C2}.Release|x64.Build.0 = Release|x64
		{24B18B25-5414-4575-9B3A-4176A3F220C2}.Release|x86.ActiveCfg = Release|Win32
		{24B18B25-5414-4575-9B3A-4176A3F220C2}.Release|x86.Build.0 = Release|Win32
		{B7F319B6-AD2B-47B4-8207-15C6A297EB2A}.Debug|x64.ActiveCfg = Debug|x64
		{B7F319B6-AD2B-47B4-8207-15C6A297EB2A}.Debug|x64.Build.0 = Debug|x64
		{B7F319B6-AD2B-47B4-8207-15C6A297EB2A}.Debug|x86.ActiveCfg = Debug|Win32
		{B7F319B6-AD2B-47B4-8207-15C6A297EB2A}.Debug|x86.Build.0 = Debug|Win32
		{B7F319B6-AD2B-47B4-8207-15C6A297EB2A}.Release|x64.ActiveCfg = Release|x64
		{B7F319B6-AD2B-47B4-8207-15C6A297EB2A}.Release|x64.Build.0 = Release|x64
		{B7F319B6-AD2B-47B4-8207-15C6A297EB2A}.Release|x86.ActiveCfg = Release|Win32
		{B7F319B6-AD2B-47B4-8207-15C6A297EB2A}.Release|x86.Build.0 = Release|Win32
		{EB90A895-ADFE-4E6C-8270-59F70879408F}.Debug|x64.ActiveCfg = Debug|x64
		{EB90A895-ADFE-4E6C-8270-59F70879408F}.Debug|x64.Build.0 = Debug|x64
		{EB90A895-ADFE-4E6C-8270-59F70879408F}.Debug|x86.ActiveCfg = Debug|Win32
		{EB90A895-ADFE-4E6C-8270-59F70879408F}.Debug|x86.Build.0 = Debug|Win32
		{EB90A895-ADFE-4E6C-8270-59F70879408F}.Release|x64.ActiveCfg = Release|x64
		{EB90A895-ADFE-4E6C-8270-59F70879408F}.Release|x64.Build.0 = Release|x64
		{EB90A895-ADFE-4E6C-8270-59F70879408F}.Release|x86.ActiveCfg = Release|Win32
		{EB90A895-ADFE-4E6C-8270-59F70879408F}.Release|x86.Build.0 = Release|Win32
		{B7E4186F-9B74-402F-9FDF-77C92180690C}.Debug|x64.ActiveCfg = Debug|x64
		{B7E4186F-9B74-402F-9FDF-77C92180690C}.Debug|x64.Build.0 = Debug|x64
		{B7E4186F-9B74-402F-9FDF-77C92180690C}.Debug|x86.ActiveCfg = Debug|Win32
		{B7E4186F-9B74-402F-9FDF-77C92180690C}.Debug|x86.Build.0 = Debug|Win32
		{B7E4186F-9B74-402F-9FDF-77C92180690C}.Release|x64.ActiveCfg = Release|x64
		{B7E4186F-9B74-402F-9FDF-77C92180690C}.Release|x64.Build.0 = Release|x64
		{B7E4186F-9B74-402F-9FDF-77C92180690C}.Release|x86.ActiveCfg = Release|Win32
		{B7E4186F-9B74-402F-9FDF-77C92180690C}.Release|x86.Build.0 = Release|Win32
		{8054D91F-FE5C-415B-95A4-2BA49396AA1E}.Debug|x64.ActiveCfg = Debug|x64
		{8054D91F-FE5C-415B-95A4-2BA49396AA1E}.Debug|x64.Build.0 = Debug|x64
		{8054D91F-FE5C-415B-95A4-2BA49396AA1E}.Debug|x86.ActiveCfg = Debug|Win32
		{8054D91F-FE5C-415B-95A4-2BA49396AA1E}.Debug|x86.Build.0 = Debug|Win32
		{8054D91F-FE5C-415B-95A4-2BA49396AA1E}.Release|x64.ActiveCfg = Release|x64
		{8054D91F-FE5C-415B-95A4-2BA49396AA1E}.Release|x64.Build.0 = Release|x64
		{8054D91F-FE5C-415B-95A4-2BA49396AA1E}.Release|x86.ActiveCfg = Release|Win32
		{8054D91F-FE5C-415B-95A4-2BA49396AA1E}.Release|x86.Build.0 = Release|Win32
		{E8BBE841-10D9-430B-9821-58D8E649EEEE}.Debug|x64.ActiveCfg = Debug|x64
		{E8BBE841-10D9-430B-9821-58D8E649EEEE}.Debug|x64.Build.0 = Debug|x64
		{E8BBE841-10D9-430B-9821-58D8E649EEEE}.Debug|x86.ActiveCfg = Debug|Win32
		{E8BBE841-10D9-430B-9821-58D8E649EEEE}.Debug|x86.Build.0 = Debug|Win32
		{E8BBE841-10D9-430B-9821-58D8E649EEEE}.Release|x64.ActiveCfg = Release|x64
		{E8BBE841-10D9-430B-9821-58D8E649EEEE}.Release|x64.Build.0 = Release|x64
		{E8BBE841-10D9-430B-9821-58D8E649EEEE}.Release|x86.ActiveCfg = Release|Win32
		{E8BBE841-10D9-430B-9821-58D8E649EEEE}.Release|x86.Build.0 = Release|Win32
	EndGlobalSection
	GlobalSection(SolutionProperties) = preSolution
		HideSolutionNode = FALSE
	EndGlobalSection
	GlobalSection(ExtensibilityGlobals) = postSolution
		SolutionGuid = {1F366F82-F4CE-4C92-BBC7-0F3B787D78E0}
	EndGlobalSection
EndGlobal
